
Microsoft Visual Studio Solution File, Format Version 10.00
# Visual Studio 2008
Project("{FAE04EC0-301F-11D3-BF4B-00C04F79EFBC}") = "ConsumablesStatic", "ConsumablesStatic\ConsumablesStatic.csproj", "{B4D30A54-1928-4A32-AE55-48A9027E11EA}"
EndProject
Global
	GlobalSection(SolutionConfigurationPlatforms) = preSolution
		Debug|Any CPU = Debug|Any CPU
		Release|Any CPU = Release|Any CPU
	EndGlobalSection
	GlobalSection(ProjectConfigurationPlatforms) = postSolution
		{B4D30A54-1928-4A32-AE55-48A9027E11EA}.Debug|Any CPU.ActiveCfg = Debug|Any CPU
		{B4D30A54-1928-4A32-AE55-48A9027E11EA}.Debug|Any CPU.Build.0 = Debug|Any CPU
		{B4D30A54-1928-4A32-AE55-48A9027E11EA}.Release|Any CPU.ActiveCfg = Release|Any CPU
		{B4D30A54-1928-4A32-AE55-48A9027E11EA}.Release|Any CPU.Build.0 = Release|Any CPU
	EndGlobalSection
	GlobalSection(SolutionProperties) = preSolution
		HideSolutionNode = FALSE
	EndGlobalSection
EndGlobal
